
Microsoft Visual Studio Solution File, Format Version 12.00
# Visual Studio Version 17
VisualStudioVersion = 17.10.35122.118
MinimumVisualStudioVersion = 10.0.40219.1
Project("{9A19103F-16F7-4668-BE54-9A1E7A4F7556}") = "Domain", "..\Domain\Domain.csproj", "{35D4D88F-23D9-4815-9960-DD1B52376ED1}"
EndProject
Project("{9A19103F-16F7-4668-BE54-9A1E7A4F7556}") = "API", "API.csproj", "{8832E95A-9857-4128-83BB-ADFECB7DDEC3}"
EndProject
Project("{9A19103F-16F7-4668-BE54-9A1E7A4F7556}") = "Application", "..\Application\Application.csproj", "{C24EC273-0BE2-4623-B312-3B4D086825C9}"
EndProject
Project("{9A19103F-16F7-4668-BE54-9A1E7A4F7556}") = "Infrastructure", "..\Infrastructure\Infrastructure.csproj", "{6FCE6C88-41E9-474A-A7F5-552EC4B74378}"
EndProject
Project("{FAE04EC0-301F-11D3-BF4B-00C04F79EFBC}") = "RPSLS_Game.Tests", "..\RPSLS_Game.Tests\RPSLS_Game.Tests.csproj", "{DBFD14A4-49E1-48FE-9D8E-3FA1A434E1C2}"
EndProject
Global
	GlobalSection(SolutionConfigurationPlatforms) = preSolution
		Debug|Any CPU = Debug|Any CPU
		Release|Any CPU = Release|Any CPU
	EndGlobalSection
	GlobalSection(ProjectConfigurationPlatforms) = postSolution
		{35D4D88F-23D9-4815-9960-DD1B52376ED1}.Debug|Any CPU.ActiveCfg = Debug|Any CPU
		{35D4D88F-23D9-4815-9960-DD1B52376ED1}.Debug|Any CPU.Build.0 = Debug|Any CPU
		{35D4D88F-23D9-4815-9960-DD1B52376ED1}.Release|Any CPU.ActiveCfg = Release|Any CPU
		{35D4D88F-23D9-4815-9960-DD1B52376ED1}.Release|Any CPU.Build.0 = Release|Any CPU
		{8832E95A-9857-4128-83BB-ADFECB7DDEC3}.Debug|Any CPU.ActiveCfg = Debug|Any CPU
		{8832E95A-9857-4128-83BB-ADFECB7DDEC3}.Debug|Any CPU.Build.0 = Debug|Any CPU
		{8832E95A-9857-4128-83BB-ADFECB7DDEC3}.Release|Any CPU.ActiveCfg = Release|Any CPU
		{8832E95A-9857-4128-83BB-ADFECB7DDEC3}.Release|Any CPU.Build.0 = Release|Any CPU
		{C24EC273-0BE2-4623-B312-3B4D086825C9}.Debug|Any CPU.ActiveCfg = Debug|Any CPU
		{C24EC273-0BE2-4623-B312-3B4D086825C9}.Debug|Any CPU.Build.0 = Debug|Any CPU
		{C24EC273-0BE2-4623-B312-3B4D086825C9}.Release|Any CPU.ActiveCfg = Release|Any CPU
		{C24EC273-0BE2-4623-B312-3B4D086825C9}.Release|Any CPU.Build.0 = Release|Any CPU
		{6FCE6C88-41E9-474A-A7F5-552EC4B74378}.Debug|Any CPU.ActiveCfg = Debug|Any CPU
		{6FCE6C88-41E9-474A-A7F5-552EC4B74378}.Debug|Any CPU.Build.0 = Debug|Any CPU
		{6FCE6C88-41E9-474A-A7F5-552EC4B74378}.Release|Any CPU.ActiveCfg = Release|Any CPU
		{6FCE6C88-41E9-474A-A7F5-552EC4B74378}.Release|Any CPU.Build.0 = Release|Any CPU
		{DBFD14A4-49E1-48FE-9D8E-3FA1A434E1C2}.Debug|Any CPU.ActiveCfg = Debug|Any CPU
		{DBFD14A4-49E1-48FE-9D8E-3FA1A434E1C2}.Debug|Any CPU.Build.0 = Debug|Any CPU
		{DBFD14A4-49E1-48FE-9D8E-3FA1A434E1C2}.Release|Any CPU.ActiveCfg = Release|Any CPU
		{DBFD14A4-49E1-48FE-9D8E-3FA1A434E1C2}.Release|Any CPU.Build.0 = Release|Any CPU
	EndGlobalSection
	GlobalSection(SolutionProperties) = preSolution
		HideSolutionNode = FALSE
	EndGlobalSection
	GlobalSection(ExtensibilityGlobals) = postSolution
		SolutionGuid = {7728CCCF-E7DE-444A-8FCE-9FF08A5A47D9}
	EndGlobalSection
EndGlobal
